
Microsoft Visual Studio Solution File, Format Version 12.00
# Visual Studio Version 16
VisualStudioVersion = 16.0.808.2
MinimumVisualStudioVersion = 10.0.40219.1
Project("{FAE04EC0-301F-11D3-BF4B-00C04F79EFBC}") = "C-_Practice", "C-_Practice.csproj", "{6143CA6D-4D3B-473A-9001-1F047DC82FBD}"
EndProject
Global
	GlobalSection(SolutionConfigurationPlatforms) = preSolution
		Debug|Any CPU = Debug|Any CPU
		Release|Any CPU = Release|Any CPU
	EndGlobalSection
	GlobalSection(ProjectConfigurationPlatforms) = postSolution
		{6143CA6D-4D3B-473A-9001-1F047DC82FBD}.Debug|Any CPU.ActiveCfg = Debug|Any CPU
		{6143CA6D-4D3B-473A-9001-1F047DC82FBD}.Debug|Any CPU.Build.0 = Debug|Any CPU
		{6143CA6D-4D3B-473A-9001-1F047DC82FBD}.Release|Any CPU.ActiveCfg = Release|Any CPU
		{6143CA6D-4D3B-473A-9001-1F047DC82FBD}.Release|Any CPU.Build.0 = Release|Any CPU
	EndGlobalSection
	GlobalSection(SolutionProperties) = preSolution
		HideSolutionNode = FALSE
	EndGlobalSection
	GlobalSection(ExtensibilityGlobals) = postSolution
		SolutionGuid = {A2B417C0-1985-42C2-A05C-6DCB92F55451}
	EndGlobalSection
EndGlobal
